{
  "originHash" : "61c5f6e5b0bf1e145ccada78a69acf42a79ac9da727984a65e4517dc4667671f",
  "pins" : [
    {
      "identity" : "litert-lm",
      "kind" : "remoteSourceControl",
      "location" : "https://github.com/google-ai-edge/LiteRT-LM",
      "state" : {
        "revision" : "2117fc4314670e00047bc8469783f02a68c33f0c",
        "version" : "0.15.0"
      }
    }
  ],
  "version" : 3
}
