PODS:
  - Flutter (1.0.0)
  - permission_handler_apple (9.4.8):
    - Flutter

DEPENDENCIES:
  - Flutter (from `Flutter`)
  - permission_handler_apple (from `.symlinks/plugins/permission_handler_apple/ios`)

EXTERNAL SOURCES:
  Flutter:
    :path: Flutter
  permission_handler_apple:
    :path: ".symlinks/plugins/permission_handler_apple/ios"

SPEC CHECKSUMS:
  Flutter: cabc95a1d2626b1b06e7179b784ebcf0c0cde467
  permission_handler_apple: ee2fe0fd04551b304eb002714ff067c371c822ed

PODFILE CHECKSUM: 977623a796837aa2bb24ef032130ccff6d150898

COCOAPODS: 1.16.2
